
Microsoft Visual Studio Solution File, Format Version 12.00
# Visual Studio Version 17
VisualStudioVersion = 17.11.35327.3
MinimumVisualStudioVersion = 10.0.40219.1
Project("{FAE04EC0-301F-11D3-BF4B-00C04F79EFBC}") = "Suffle", "Suffle\Suffle.csproj", "{9074967E-98BE-4966-8ED7-2A5030AB5CD9}"
EndProject
Global
	GlobalSection(SolutionConfigurationPlatforms) = preSolution
		Debug|Any CPU = Debug|Any CPU
		Release|Any CPU = Release|Any CPU
	EndGlobalSection
	GlobalSection(ProjectConfigurationPlatforms) = postSolution
		{9074967E-98BE-4966-8ED7-2A5030AB5CD9}.Debug|Any CPU.ActiveCfg = Debug|Any CPU
		{9074967E-98BE-4966-8ED7-2A5030AB5CD9}.Debug|Any CPU.Build.0 = Debug|Any CPU
		{9074967E-98BE-4966-8ED7-2A5030AB5CD9}.Release|Any CPU.ActiveCfg = Release|Any CPU
		{9074967E-98BE-4966-8ED7-2A5030AB5CD9}.Release|Any CPU.Build.0 = Release|Any CPU
	EndGlobalSection
	GlobalSection(SolutionProperties) = preSolution
		HideSolutionNode = FALSE
	EndGlobalSection
	GlobalSection(ExtensibilityGlobals) = postSolution
		SolutionGuid = {B9F56E15-6F57-467E-BDC2-E4D7B7554E79}
	EndGlobalSection
EndGlobal
